
Microsoft Visual Studio Solution File, Format Version 12.00
# Visual Studio Version 16
VisualStudioVersion = 16.0.30717.126
MinimumVisualStudioVersion = 10.0.40219.1
Project("{8BC9CEB8-8B4A-11D0-8D11-00A0C91BC942}") = "Breakout", "Breakout\Breakout.vcxproj", "{E88B874A-997E-4934-B3A3-9C74F36B0964}"
EndProject
Global
	GlobalSection(SolutionConfigurationPlatforms) = preSolution
		Debug|x64 = Debug|x64
		Debug|x86 = Debug|x86
		Release|x64 = Release|x64
		Release|x86 = Release|x86
	EndGlobalSection
	GlobalSection(ProjectConfigurationPlatforms) = postSolution
		{E88B874A-997E-4934-B3A3-9C74F36B0964}.Debug|x64.ActiveCfg = Debug|x64
		{E88B874A-997E-4934-B3A3-9C74F36B0964}.Debug|x64.Build.0 = Debug|x64
		{E88B874A-997E-4934-B3A3-9C74F36B0964}.Debug|x86.ActiveCfg = Debug|Win32
		{E88B874A-997E-4934-B3A3-9C74F36B0964}.Debug|x86.Build.0 = Debug|Win32
		{E88B874A-997E-4934-B3A3-9C74F36B0964}.Release|x64.ActiveCfg = Release|x64
		{E88B874A-997E-4934-B3A3-9C74F36B0964}.Release|x64.Build.0 = Release|x64
		{E88B874A-997E-4934-B3A3-9C74F36B0964}.Release|x86.ActiveCfg = Release|Win32
		{E88B874A-997E-4934-B3A3-9C74F36B0964}.Release|x86.Build.0 = Release|Win32
	EndGlobalSection
	GlobalSection(SolutionProperties) = preSolution
		HideSolutionNode = FALSE
	EndGlobalSection
	GlobalSection(ExtensibilityGlobals) = postSolution
		SolutionGuid = {59C901C9-91A3-46FE-AFB5-D502E65C8D7C}
	EndGlobalSection
EndGlobal
